
Microsoft Visual Studio Solution File, Format Version 12.00
# Visual Studio 15
VisualStudioVersion = 15.0.26228.4
MinimumVisualStudioVersion = 10.0.40219.1
Project("{9A19103F-16F7-4668-BE54-9A1E7A4F7556}") = "TransactionProcessor", "TransactionProcessor.csproj", "{7C903EC7-3F49-589A-713B-9A3D917A178B}"
EndProject
Global
	GlobalSection(SolutionConfigurationPlatforms) = preSolution
		Debug|Any CPU = Debug|Any CPU
		Debug|ARM = Debug|ARM
		Debug|x64 = Debug|x64
		Debug|x86 = Debug|x86
		Release|Any CPU = Release|Any CPU
		Release|ARM = Release|ARM
		Release|x64 = Release|x64
		Release|x86 = Release|x86
	EndGlobalSection
	GlobalSection(ProjectConfigurationPlatforms) = postSolution
		{7C903EC7-3F49-589A-713B-9A3D917A178B}.Debug|Any CPU.ActiveCfg = Debug|Any CPU
		{7C903EC7-3F49-589A-713B-9A3D917A178B}.Debug|Any CPU.Build.0 = Debug|Any CPU
		{7C903EC7-3F49-589A-713B-9A3D917A178B}.Release|Any CPU.ActiveCfg = Release|Any CPU
		{7C903EC7-3F49-589A-713B-9A3D917A178B}.Release|Any CPU.Build.0 = Release|Any CPU
	EndGlobalSection
	GlobalSection(SolutionProperties) = preSolution
		HideSolutionNode = FALSE
	EndGlobalSection
	GlobalSection(ExtensibilityGlobals) = postSolution
		SolutionGuid = {DA4ABA81-62DD-9EBC-F24D-9B549F818C1D}
	EndGlobalSection
EndGlobal
